
Microsoft Visual Studio Solution File, Format Version 12.00
# Visual Studio 15
VisualStudioVersion = 15.0.27703.2042
MinimumVisualStudioVersion = 10.0.40219.1
Project("{FAE04EC0-301F-11D3-BF4B-00C04F79EFBC}") = "CodeJams", "CodeJams\CodeJams.csproj", "{DBDAF080-53BD-4A51-BED5-B7A0B70CA780}"
EndProject
Global
	GlobalSection(SolutionConfigurationPlatforms) = preSolution
		Debug|Any CPU = Debug|Any CPU
		Release|Any CPU = Release|Any CPU
	EndGlobalSection
	GlobalSection(ProjectConfigurationPlatforms) = postSolution
		{DBDAF080-53BD-4A51-BED5-B7A0B70CA780}.Debug|Any CPU.ActiveCfg = Debug|Any CPU
		{DBDAF080-53BD-4A51-BED5-B7A0B70CA780}.Debug|Any CPU.Build.0 = Debug|Any CPU
		{DBDAF080-53BD-4A51-BED5-B7A0B70CA780}.Release|Any CPU.ActiveCfg = Release|Any CPU
		{DBDAF080-53BD-4A51-BED5-B7A0B70CA780}.Release|Any CPU.Build.0 = Release|Any CPU
	EndGlobalSection
	GlobalSection(SolutionProperties) = preSolution
		HideSolutionNode = FALSE
	EndGlobalSection
	GlobalSection(ExtensibilityGlobals) = postSolution
		SolutionGuid = {C199A029-E6FC-43BB-B551-A24DB03231FD}
	EndGlobalSection
EndGlobal
